// !$*UTF8*$!
{
	archiveVersion = 1;
	classes = {
	};
	objectVersion = 46;
	objects = {

/* Begin PBXBuildFile section */
		1DDD58160DA1D0A300B32029 /* MainMenu.xib in Resources */ = {isa = PBXBuildFile; fileRef = 1DDD58140DA1D0A300B32029 /* MainMenu.xib */; };
		256AC3DA0F4B6AC300CF3369 /* DailyPaprAppDelegate.m in Sources */ = {isa = PBXBuildFile; fileRef = 256AC3D90F4B6AC300CF3369 /* DailyPaprAppDelegate.m */; };
		8D11072B0486CEB800E47090 /* InfoPlist.strings in Resources */ = {isa = PBXBuildFile; fileRef = 089C165CFE840E0CC02AAC07 /* InfoPlist.strings */; };
		8D11072D0486CEB800E47090 /* main.m in Sources */ = {isa = PBXBuildFile; fileRef = 29B97316FDCFA39411CA2CEA /* main.m */; settings = {ATTRIBUTES = (); }; };
		8D11072F0486CEB800E47090 /* Cocoa.framework in Frameworks */ = {isa = PBXBuildFile; fileRef = 1058C7A1FEA54F0111CA2CBB /* Cocoa.framework */; };
		D9028F9311DD7A07009B2AEA /* XmlParseTest.m in Sources */ = {isa = PBXBuildFile; fileRef = D9028F9211DD7A07009B2AEA /* XmlParseTest.m */; };
		D9028F9511DD7AFB009B2AEA /* InterfaceLIFT.html in Resources */ = {isa = PBXBuildFile; fileRef = D9028F9411DD7AFB009B2AEA /* InterfaceLIFT.html */; };
		D94B976311EBE97B00C2FC4C /* DailyPaprMenu.m in Sources */ = {isa = PBXBuildFile; fileRef = D94B976211EBE97B00C2FC4C /* DailyPaprMenu.m */; };
		D9568C6711EDDC0E00776DA8 /* WallpaperWebService.m in Sources */ = {isa = PBXBuildFile; fileRef = D9568C6611EDDC0E00776DA8 /* WallpaperWebService.m */; };
		D95ABDCF11DAB94700BD0696 /* WallpaperView.m in Sources */ = {isa = PBXBuildFile; fileRef = D95ABDCE11DAB94700BD0696 /* WallpaperView.m */; };
		D95ABE1411DACE5B00BD0696 /* wallpaper.jpg in Resources */ = {isa = PBXBuildFile; fileRef = D95ABE1311DACE5B00BD0696 /* wallpaper.jpg */; };
		D9BE30A111E2C99300FFA4DF /* Wallpaper.m in Sources */ = {isa = PBXBuildFile; fileRef = D9BE30A011E2C99300FFA4DF /* Wallpaper.m */; };
		D9BE30A911E2CBB100FFA4DF /* WallpaperRepositoryTest.m in Sources */ = {isa = PBXBuildFile; fileRef = D9BE30A811E2CBB100FFA4DF /* WallpaperRepositoryTest.m */; };
		D9BE314B11E2D6DD00FFA4DF /* WallpaperRepository.m in Sources */ = {isa = PBXBuildFile; fileRef = D9BE314A11E2D6DD00FFA4DF /* WallpaperRepository.m */; };
		D9BE315D11E2D91800FFA4DF /* Wallpaper.m in Sources */ = {isa = PBXBuildFile; fileRef = D9BE30A011E2C99300FFA4DF /* Wallpaper.m */; };
		D9BE315E11E2D91800FFA4DF /* WallpaperRepository.m in Sources */ = {isa = PBXBuildFile; fileRef = D9BE314A11E2D6DD00FFA4DF /* WallpaperRepository.m */; };
/* End PBXBuildFile section */

/* Begin PBXFileReference section */
		089C165DFE840E0CC02AAC07 /* English */ = {isa = PBXFileReference; fileEncoding = 4; lastKnownFileType = text.plist.strings; name = English; path = English.lproj/InfoPlist.strings; sourceTree = "<group>"; };
		1058C7A1FEA54F0111CA2CBB /* Cocoa.framework */ = {isa = PBXFileReference; lastKnownFileType = wrapper.framework; name = Cocoa.framework; path = /System/Library/Frameworks/Cocoa.framework; sourceTree = "<absolute>"; };
		13E42FB307B3F0F600E4EEF1 /* CoreData.framework */ = {isa = PBXFileReference; lastKnownFileType = wrapper.framework; name = CoreData.framework; path = /System/Library/Frameworks/CoreData.framework; sourceTree = "<absolute>"; };
		1DDD58150DA1D0A300B32029 /* English */ = {isa = PBXFileReference; lastKnownFileType = file.xib; name = English; path = English.lproj/MainMenu.xib; sourceTree = "<group>"; };
		256AC3D80F4B6AC300CF3369 /* DailyPaprAppDelegate.h */ = {isa = PBXFileReference; fileEncoding = 4; lastKnownFileType = sourcecode.c.h; path = DailyPaprAppDelegate.h; sourceTree = "<group>"; };
		256AC3D90F4B6AC300CF3369 /* DailyPaprAppDelegate.m */ = {isa = PBXFileReference; fileEncoding = 4; lastKnownFileType = sourcecode.c.objc; path = DailyPaprAppDelegate.m; sourceTree = "<group>"; };
		256AC3F00F4B6AF500CF3369 /* DailyPapr_Prefix.pch */ = {isa = PBXFileReference; fileEncoding = 4; lastKnownFileType = sourcecode.c.h; path = DailyPapr_Prefix.pch; sourceTree = "<group>"; };
		29B97316FDCFA39411CA2CEA /* main.m */ = {isa = PBXFileReference; fileEncoding = 4; lastKnownFileType = sourcecode.c.objc; path = main.m; sourceTree = "<group>"; };
		29B97324FDCFA39411CA2CEA /* AppKit.framework */ = {isa = PBXFileReference; lastKnownFileType = wrapper.framework; name = AppKit.framework; path = /System/Library/Frameworks/AppKit.framework; sourceTree = "<absolute>"; };
		29B97325FDCFA39411CA2CEA /* Foundation.framework */ = {isa = PBXFileReference; lastKnownFileType = wrapper.framework; name = Foundation.framework; path = /System/Library/Frameworks/Foundation.framework; sourceTree = "<absolute>"; };
		8D1107310486CEB800E47090 /* DailyPapr-Info.plist */ = {isa = PBXFileReference; fileEncoding = 4; lastKnownFileType = text.plist.xml; path = "DailyPapr-Info.plist"; sourceTree = "<group>"; };
		8D1107320486CEB800E47090 /* DailyPapr.app */ = {isa = PBXFileReference; explicitFileType = wrapper.application; includeInIndex = 0; path = DailyPapr.app; sourceTree = BUILT_PRODUCTS_DIR; };
		D9028F7B11DD792B009B2AEA /* UnitTests.octest */ = {isa = PBXFileReference; explicitFileType = wrapper.cfbundle; includeInIndex = 0; path = UnitTests.octest; sourceTree = BUILT_PRODUCTS_DIR; };
		D9028F7C11DD792B009B2AEA /* UnitTests-Info.plist */ = {isa = PBXFileReference; lastKnownFileType = text.plist.xml; path = "UnitTests-Info.plist"; sourceTree = "<group>"; };
		D9028F9211DD7A07009B2AEA /* XmlParseTest.m */ = {isa = PBXFileReference; fileEncoding = 4; lastKnownFileType = sourcecode.c.objc; path = XmlParseTest.m; sourceTree = "<group>"; };
		D9028F9411DD7AFB009B2AEA /* InterfaceLIFT.html */ = {isa = PBXFileReference; fileEncoding = 4; lastKnownFileType = text.html; path = InterfaceLIFT.html; sourceTree = "<group>"; };
		D94B976111EBE97B00C2FC4C /* DailyPaprMenu.h */ = {isa = PBXFileReference; fileEncoding = 4; lastKnownFileType = sourcecode.c.h; path = DailyPaprMenu.h; sourceTree = "<group>"; };
		D94B976211EBE97B00C2FC4C /* DailyPaprMenu.m */ = {isa = PBXFileReference; fileEncoding = 4; lastKnownFileType = sourcecode.c.objc; path = DailyPaprMenu.m; sourceTree = "<group>"; };
		D9568C6511EDDC0E00776DA8 /* WallpaperWebService.h */ = {isa = PBXFileReference; fileEncoding = 4; lastKnownFileType = sourcecode.c.h; path = WallpaperWebService.h; sourceTree = "<group>"; };
		D9568C6611EDDC0E00776DA8 /* WallpaperWebService.m */ = {isa = PBXFileReference; fileEncoding = 4; lastKnownFileType = sourcecode.c.objc; path = WallpaperWebService.m; sourceTree = "<group>"; };
		D95ABDCD11DAB94700BD0696 /* WallpaperView.h */ = {isa = PBXFileReference; fileEncoding = 4; lastKnownFileType = sourcecode.c.h; path = WallpaperView.h; sourceTree = "<group>"; };
		D95ABDCE11DAB94700BD0696 /* WallpaperView.m */ = {isa = PBXFileReference; fileEncoding = 4; lastKnownFileType = sourcecode.c.objc; path = WallpaperView.m; sourceTree = "<group>"; };
		D95ABE1311DACE5B00BD0696 /* wallpaper.jpg */ = {isa = PBXFileReference; lastKnownFileType = image.jpeg; path = wallpaper.jpg; sourceTree = "<group>"; };
		D9BE309F11E2C99300FFA4DF /* Wallpaper.h */ = {isa = PBXFileReference; fileEncoding = 4; lastKnownFileType = sourcecode.c.h; path = Wallpaper.h; sourceTree = "<group>"; };
		D9BE30A011E2C99300FFA4DF /* Wallpaper.m */ = {isa = PBXFileReference; fileEncoding = 4; lastKnownFileType = sourcecode.c.objc; path = Wallpaper.m; sourceTree = "<group>"; };
		D9BE30A811E2CBB100FFA4DF /* WallpaperRepositoryTest.m */ = {isa = PBXFileReference; fileEncoding = 4; lastKnownFileType = sourcecode.c.objc; path = WallpaperRepositoryTest.m; sourceTree = "<group>"; };
		D9BE314911E2D6DD00FFA4DF /* WallpaperRepository.h */ = {isa = PBXFileReference; fileEncoding = 4; lastKnownFileType = sourcecode.c.h; path = WallpaperRepository.h; sourceTree = "<group>"; };
		D9BE314A11E2D6DD00FFA4DF /* WallpaperRepository.m */ = {isa = PBXFileReference; fileEncoding = 4; lastKnownFileType = sourcecode.c.objc; path = WallpaperRepository.m; sourceTree = "<group>"; };
/* End PBXFileReference section */

/* Begin PBXFrameworksBuildPhase section */
		8D11072E0486CEB800E47090 /* Frameworks */ = {
			isa = PBXFrameworksBuildPhase;
			buildActionMask = 2147483647;
			files = (
				8D11072F0486CEB800E47090 /* Cocoa.framework in Frameworks */,
			);
			runOnlyForDeploymentPostprocessing = 0;
		};
		D9028F7811DD792B009B2AEA /* Frameworks */ = {
			isa = PBXFrameworksBuildPhase;
			buildActionMask = 2147483647;
			files = (
			);
			runOnlyForDeploymentPostprocessing = 0;
		};
/* End PBXFrameworksBuildPhase section */

/* Begin PBXGroup section */
		080E96DDFE201D6D7F000001 /* Classes */ = {
			isa = PBXGroup;
			children = (
				256AC3D80F4B6AC300CF3369 /* DailyPaprAppDelegate.h */,
				256AC3D90F4B6AC300CF3369 /* DailyPaprAppDelegate.m */,
				D95ABDCD11DAB94700BD0696 /* WallpaperView.h */,
				D95ABDCE11DAB94700BD0696 /* WallpaperView.m */,
				D9BE309F11E2C99300FFA4DF /* Wallpaper.h */,
				D9BE30A011E2C99300FFA4DF /* Wallpaper.m */,
				D9BE314911E2D6DD00FFA4DF /* WallpaperRepository.h */,
				D9BE314A11E2D6DD00FFA4DF /* WallpaperRepository.m */,
				D94B976111EBE97B00C2FC4C /* DailyPaprMenu.h */,
				D94B976211EBE97B00C2FC4C /* DailyPaprMenu.m */,
				D9568C6511EDDC0E00776DA8 /* WallpaperWebService.h */,
				D9568C6611EDDC0E00776DA8 /* WallpaperWebService.m */,
			);
			name = Classes;
			sourceTree = "<group>";
		};
		1058C7A0FEA54F0111CA2CBB /* Linked Frameworks */ = {
			isa = PBXGroup;
			children = (
				1058C7A1FEA54F0111CA2CBB /* Cocoa.framework */,
			);
			name = "Linked Frameworks";
			sourceTree = "<group>";
		};
		1058C7A2FEA54F0111CA2CBB /* Other Frameworks */ = {
			isa = PBXGroup;
			children = (
				29B97324FDCFA39411CA2CEA /* AppKit.framework */,
				13E42FB307B3F0F600E4EEF1 /* CoreData.framework */,
				29B97325FDCFA39411CA2CEA /* Foundation.framework */,
			);
			name = "Other Frameworks";
			sourceTree = "<group>";
		};
		19C28FACFE9D520D11CA2CBB /* Products */ = {
			isa = PBXGroup;
			children = (
				8D1107320486CEB800E47090 /* DailyPapr.app */,
				D9028F7B11DD792B009B2AEA /* UnitTests.octest */,
			);
			name = Products;
			sourceTree = "<group>";
		};
		29B97314FDCFA39411CA2CEA /* DailyPapr */ = {
			isa = PBXGroup;
			children = (
				D9028F9011DD79CE009B2AEA /* Test Classes */,
				080E96DDFE201D6D7F000001 /* Classes */,
				29B97315FDCFA39411CA2CEA /* Other Sources */,
				29B97317FDCFA39411CA2CEA /* Resources */,
				29B97323FDCFA39411CA2CEA /* Frameworks */,
				19C28FACFE9D520D11CA2CBB /* Products */,
				D9028F7C11DD792B009B2AEA /* UnitTests-Info.plist */,
			);
			name = DailyPapr;
			sourceTree = "<group>";
		};
		29B97315FDCFA39411CA2CEA /* Other Sources */ = {
			isa = PBXGroup;
			children = (
				256AC3F00F4B6AF500CF3369 /* DailyPapr_Prefix.pch */,
				29B97316FDCFA39411CA2CEA /* main.m */,
			);
			name = "Other Sources";
			sourceTree = "<group>";
		};
		29B97317FDCFA39411CA2CEA /* Resources */ = {
			isa = PBXGroup;
			children = (
				D9028F9411DD7AFB009B2AEA /* InterfaceLIFT.html */,
				D95ABE1311DACE5B00BD0696 /* wallpaper.jpg */,
				8D1107310486CEB800E47090 /* DailyPapr-Info.plist */,
				089C165CFE840E0CC02AAC07 /* InfoPlist.strings */,
				1DDD58140DA1D0A300B32029 /* MainMenu.xib */,
			);
			name = Resources;
			sourceTree = "<group>";
		};
		29B97323FDCFA39411CA2CEA /* Frameworks */ = {
			isa = PBXGroup;
			children = (
				1058C7A0FEA54F0111CA2CBB /* Linked Frameworks */,
				1058C7A2FEA54F0111CA2CBB /* Other Frameworks */,
			);
			name = Frameworks;
			sourceTree = "<group>";
		};
		D9028F9011DD79CE009B2AEA /* Test Classes */ = {
			isa = PBXGroup;
			children = (
				D9028F9211DD7A07009B2AEA /* XmlParseTest.m */,
				D9BE30A811E2CBB100FFA4DF /* WallpaperRepositoryTest.m */,
			);
			name = "Test Classes";
			sourceTree = "<group>";
		};
/* End PBXGroup section */

/* Begin PBXNativeTarget section */
		8D1107260486CEB800E47090 /* DailyPapr */ = {
			isa = PBXNativeTarget;
			buildConfigurationList = C01FCF4A08A954540054247B /* Build configuration list for PBXNativeTarget "DailyPapr" */;
			buildPhases = (
				8D1107290486CEB800E47090 /* Resources */,
				8D11072C0486CEB800E47090 /* Sources */,
				8D11072E0486CEB800E47090 /* Frameworks */,
			);
			buildRules = (
			);
			dependencies = (
			);
			name = DailyPapr;
			productInstallPath = "$(HOME)/Applications";
			productName = DailyPapr;
			productReference = 8D1107320486CEB800E47090 /* DailyPapr.app */;
			productType = "com.apple.product-type.application";
		};
		D9028F7A11DD792B009B2AEA /* UnitTests */ = {
			isa = PBXNativeTarget;
			buildConfigurationList = D9028F7F11DD792C009B2AEA /* Build configuration list for PBXNativeTarget "UnitTests" */;
			buildPhases = (
				D9028F7611DD792B009B2AEA /* Resources */,
				D9028F7711DD792B009B2AEA /* Sources */,
				D9028F7811DD792B009B2AEA /* Frameworks */,
				D9028F7911DD792B009B2AEA /* ShellScript */,
			);
			buildRules = (
			);
			dependencies = (
			);
			name = UnitTests;
			productName = UnitTests;
			productReference = D9028F7B11DD792B009B2AEA /* UnitTests.octest */;
			productType = "com.apple.product-type.bundle";
		};
/* End PBXNativeTarget section */

/* Begin PBXProject section */
		29B97313FDCFA39411CA2CEA /* Project object */ = {
			isa = PBXProject;
			buildConfigurationList = C01FCF4E08A954540054247B /* Build configuration list for PBXProject "DailyPapr" */;
			compatibilityVersion = "Xcode 3.2";
			hasScannedForEncodings = 1;
			mainGroup = 29B97314FDCFA39411CA2CEA /* DailyPapr */;
			projectDirPath = "";
			projectRoot = "";
			targets = (
				8D1107260486CEB800E47090 /* DailyPapr */,
				D9028F7A11DD792B009B2AEA /* UnitTests */,
			);
		};
/* End PBXProject section */

/* Begin PBXResourcesBuildPhase section */
		8D1107290486CEB800E47090 /* Resources */ = {
			isa = PBXResourcesBuildPhase;
			buildActionMask = 2147483647;
			files = (
				8D11072B0486CEB800E47090 /* InfoPlist.strings in Resources */,
				1DDD58160DA1D0A300B32029 /* MainMenu.xib in Resources */,
				D95ABE1411DACE5B00BD0696 /* wallpaper.jpg in Resources */,
			);
			runOnlyForDeploymentPostprocessing = 0;
		};
		D9028F7611DD792B009B2AEA /* Resources */ = {
			isa = PBXResourcesBuildPhase;
			buildActionMask = 2147483647;
			files = (
				D9028F9511DD7AFB009B2AEA /* InterfaceLIFT.html in Resources */,
			);
			runOnlyForDeploymentPostprocessing = 0;
		};
/* End PBXResourcesBuildPhase section */

/* Begin PBXShellScriptBuildPhase section */
		D9028F7911DD792B009B2AEA /* ShellScript */ = {
			isa = PBXShellScriptBuildPhase;
			buildActionMask = 2147483647;
			files = (
			);
			inputPaths = (
			);
			outputPaths = (
			);
			runOnlyForDeploymentPostprocessing = 0;
			shellPath = /bin/sh;
			shellScript = "# Run the unit tests in this test bundle.\n\"${SYSTEM_DEVELOPER_DIR}/Tools/RunUnitTests\"\n";
		};
/* End PBXShellScriptBuildPhase section */

/* Begin PBXSourcesBuildPhase section */
		8D11072C0486CEB800E47090 /* Sources */ = {
			isa = PBXSourcesBuildPhase;
			buildActionMask = 2147483647;
			files = (
				8D11072D0486CEB800E47090 /* main.m in Sources */,
				256AC3DA0F4B6AC300CF3369 /* DailyPaprAppDelegate.m in Sources */,
				D95ABDCF11DAB94700BD0696 /* WallpaperView.m in Sources */,
				D9BE30A111E2C99300FFA4DF /* Wallpaper.m in Sources */,
				D9BE314B11E2D6DD00FFA4DF /* WallpaperRepository.m in Sources */,
				D94B976311EBE97B00C2FC4C /* DailyPaprMenu.m in Sources */,
				D9568C6711EDDC0E00776DA8 /* WallpaperWebService.m in Sources */,
			);
			runOnlyForDeploymentPostprocessing = 0;
		};
		D9028F7711DD792B009B2AEA /* Sources */ = {
			isa = PBXSourcesBuildPhase;
			buildActionMask = 2147483647;
			files = (
				D9028F9311DD7A07009B2AEA /* XmlParseTest.m in Sources */,
				D9BE30A911E2CBB100FFA4DF /* WallpaperRepositoryTest.m in Sources */,
				D9BE315D11E2D91800FFA4DF /* Wallpaper.m in Sources */,
				D9BE315E11E2D91800FFA4DF /* WallpaperRepository.m in Sources */,
			);
			runOnlyForDeploymentPostprocessing = 0;
		};
/* End PBXSourcesBuildPhase section */

/* Begin PBXVariantGroup section */
		089C165CFE840E0CC02AAC07 /* InfoPlist.strings */ = {
			isa = PBXVariantGroup;
			children = (
				089C165DFE840E0CC02AAC07 /* English */,
			);
			name = InfoPlist.strings;
			sourceTree = "<group>";
		};
		1DDD58140DA1D0A300B32029 /* MainMenu.xib */ = {
			isa = PBXVariantGroup;
			children = (
				1DDD58150DA1D0A300B32029 /* English */,
			);
			name = MainMenu.xib;
			sourceTree = "<group>";
		};
/* End PBXVariantGroup section */

/* Begin XCBuildConfiguration section */
		C01FCF4B08A954540054247B /* Debug */ = {
			isa = XCBuildConfiguration;
			buildSettings = {
				ALWAYS_SEARCH_USER_PATHS = NO;
				COPY_PHASE_STRIP = NO;
				GCC_DYNAMIC_NO_PIC = NO;
				GCC_ENABLE_FIX_AND_CONTINUE = YES;
				GCC_MODEL_TUNING = G5;
				GCC_OPTIMIZATION_LEVEL = 0;
				GCC_PRECOMPILE_PREFIX_HEADER = YES;
				GCC_PREFIX_HEADER = DailyPapr_Prefix.pch;
				INFOPLIST_FILE = "DailyPapr-Info.plist";
				INSTALL_PATH = "$(HOME)/Applications";
				PRODUCT_NAME = DailyPapr;
			};
			name = Debug;
		};
		C01FCF4C08A954540054247B /* Release */ = {
			isa = XCBuildConfiguration;
			buildSettings = {
				ALWAYS_SEARCH_USER_PATHS = NO;
				DEBUG_INFORMATION_FORMAT = "dwarf-with-dsym";
				GCC_MODEL_TUNING = G5;
				GCC_PRECOMPILE_PREFIX_HEADER = YES;
				GCC_PREFIX_HEADER = DailyPapr_Prefix.pch;
				INFOPLIST_FILE = "DailyPapr-Info.plist";
				INSTALL_PATH = "$(HOME)/Applications";
				PRODUCT_NAME = DailyPapr;
			};
			name = Release;
		};
		C01FCF4F08A954540054247B /* Debug */ = {
			isa = XCBuildConfiguration;
			buildSettings = {
				ARCHS = "$(ARCHS_STANDARD_32_64_BIT)";
				GCC_C_LANGUAGE_STANDARD = gnu99;
				GCC_OPTIMIZATION_LEVEL = 0;
				GCC_WARN_ABOUT_RETURN_TYPE = YES;
				GCC_WARN_UNUSED_VARIABLE = YES;
				ONLY_ACTIVE_ARCH = YES;
				PREBINDING = NO;
				SDKROOT = macosx10.6;
			};
			name = Debug;
		};
		C01FCF5008A954540054247B /* Release */ = {
			isa = XCBuildConfiguration;
			buildSettings = {
				ARCHS = "$(ARCHS_STANDARD_32_64_BIT)";
				GCC_C_LANGUAGE_STANDARD = gnu99;
				GCC_ENABLE_OBJC_GC = supported;
				GCC_WARN_ABOUT_RETURN_TYPE = YES;
				GCC_WARN_UNUSED_VARIABLE = YES;
				PREBINDING = NO;
				SDKROOT = macosx10.6;
			};
			name = Release;
		};
		D9028F7D11DD792C009B2AEA /* Debug */ = {
			isa = XCBuildConfiguration;
			buildSettings = {
				ALWAYS_SEARCH_USER_PATHS = NO;
				COPY_PHASE_STRIP = NO;
				FRAMEWORK_SEARCH_PATHS = "$(DEVELOPER_LIBRARY_DIR)/Frameworks";
				GCC_DYNAMIC_NO_PIC = NO;
				GCC_ENABLE_FIX_AND_CONTINUE = NO;
				GCC_ENABLE_OBJC_EXCEPTIONS = YES;
				GCC_MODEL_TUNING = G5;
				GCC_OPTIMIZATION_LEVEL = 0;
				GCC_PRECOMPILE_PREFIX_HEADER = YES;
				INFOPLIST_FILE = "UnitTests-Info.plist";
				INSTALL_PATH = "$(USER_LIBRARY_DIR)/Bundles";
				OTHER_LDFLAGS = (
					"-framework",
					Foundation,
					"-framework",
					SenTestingKit,
				);
				PREBINDING = NO;
				PRODUCT_NAME = UnitTests;
				WRAPPER_EXTENSION = octest;
			};
			name = Debug;
		};
		D9028F7E11DD792C009B2AEA /* Release */ = {
			isa = XCBuildConfiguration;
			buildSettings = {
				ALWAYS_SEARCH_USER_PATHS = NO;
				COPY_PHASE_STRIP = YES;
				DEBUG_INFORMATION_FORMAT = "dwarf-with-dsym";
				FRAMEWORK_SEARCH_PATHS = "$(DEVELOPER_LIBRARY_DIR)/Frameworks";
				GCC_ENABLE_FIX_AND_CONTINUE = NO;
				GCC_ENABLE_OBJC_EXCEPTIONS = YES;
				GCC_MODEL_TUNING = G5;
				GCC_PRECOMPILE_PREFIX_HEADER = YES;
				INFOPLIST_FILE = "UnitTests-Info.plist";
				INSTALL_PATH = "$(USER_LIBRARY_DIR)/Bundles";
				OTHER_LDFLAGS = (
					"-framework",
					Foundation,
					"-framework",
					SenTestingKit,
				);
				PREBINDING = NO;
				PRODUCT_NAME = UnitTests;
				WRAPPER_EXTENSION = octest;
				ZERO_LINK = NO;
			};
			name = Release;
		};
/* End XCBuildConfiguration section */

/* Begin XCConfigurationList section */
		C01FCF4A08A954540054247B /* Build configuration list for PBXNativeTarget "DailyPapr" */ = {
			isa = XCConfigurationList;
			buildConfigurations = (
				C01FCF4B08A954540054247B /* Debug */,
				C01FCF4C08A954540054247B /* Release */,
			);
			defaultConfigurationIsVisible = 0;
			defaultConfigurationName = Release;
		};
		C01FCF4E08A954540054247B /* Build configuration list for PBXProject "DailyPapr" */ = {
			isa = XCConfigurationList;
			buildConfigurations = (
				C01FCF4F08A954540054247B /* Debug */,
				C01FCF5008A954540054247B /* Release */,
			);
			defaultConfigurationIsVisible = 0;
			defaultConfigurationName = Release;
		};
		D9028F7F11DD792C009B2AEA /* Build configuration list for PBXNativeTarget "UnitTests" */ = {
			isa = XCConfigurationList;
			buildConfigurations = (
				D9028F7D11DD792C009B2AEA /* Debug */,
				D9028F7E11DD792C009B2AEA /* Release */,
			);
			defaultConfigurationIsVisible = 0;
			defaultConfigurationName = Release;
		};
/* End XCConfigurationList section */
	};
	rootObject = 29B97313FDCFA39411CA2CEA /* Project object */;
}
